// !$*UTF8*$!
{
	archiveVersion = 1;
	classes = {
	};
	objectVersion = 46;
	objects = {

/* Begin PBXBuildFile section */
		38CA64D2561F9E2B96C1597B /* Pods_Resume.framework in Frameworks */ = {isa = PBXBuildFile; fileRef = F61CB3FB31D5D0B0FDA29E8F /* Pods_Resume.framework */; };
		740AF5761FC4FFF200954017 /* FWCollectionViewController.swift in Sources */ = {isa = PBXBuildFile; fileRef = 740AF5751FC4FFF200954017 /* FWCollectionViewController.swift */; };
		740AF5781FC50E8A00954017 /* SkillRootViewController.swift in Sources */ = {isa = PBXBuildFile; fileRef = 740AF5771FC50E8A00954017 /* SkillRootViewController.swift */; };
		741A4B5B1FBD441800740FD1 /* ProgrammingLanguageCell.swift in Sources */ = {isa = PBXBuildFile; fileRef = 741A4B5A1FBD441800740FD1 /* ProgrammingLanguageCell.swift */; };
		741A4B5D1FBD443300740FD1 /* FrameworkCell.swift in Sources */ = {isa = PBXBuildFile; fileRef = 741A4B5C1FBD443300740FD1 /* FrameworkCell.swift */; };
		7425C9911FBBDD1300FC8D3B /* Skill.storyboard in Resources */ = {isa = PBXBuildFile; fileRef = 7425C9901FBBDD1300FC8D3B /* Skill.storyboard */; };
		7427313E1FE1334D008BDA6A /* NotificationContentViewController.swift in Sources */ = {isa = PBXBuildFile; fileRef = 7427313D1FE1334D008BDA6A /* NotificationContentViewController.swift */; };
		74584C7D1F6B72E000AA8F54 /* AboutViewController.swift in Sources */ = {isa = PBXBuildFile; fileRef = 74584C7C1F6B72E000AA8F54 /* AboutViewController.swift */; };
		74603EBC1FC3DE1000EED313 /* SkillWebViewSegue.swift in Sources */ = {isa = PBXBuildFile; fileRef = 74603EBB1FC3DE1000EED313 /* SkillWebViewSegue.swift */; };
		74603EBE1FC3E40900EED313 /* PGCollectionViewController.swift in Sources */ = {isa = PBXBuildFile; fileRef = 74603EBD1FC3E40900EED313 /* PGCollectionViewController.swift */; };
		7497A68E1FB588D0006ADD94 /* ExperienceDetailViewController.swift in Sources */ = {isa = PBXBuildFile; fileRef = 7497A68D1FB588D0006ADD94 /* ExperienceDetailViewController.swift */; };
		7497A6901FB58A7D006ADD94 /* ExperienceDetailViewCell.swift in Sources */ = {isa = PBXBuildFile; fileRef = 7497A68F1FB58A7D006ADD94 /* ExperienceDetailViewCell.swift */; };
		74C15B551FDE35800014F4AB /* GoogleService-Info.plist in Resources */ = {isa = PBXBuildFile; fileRef = 74C15B541FDE35800014F4AB /* GoogleService-Info.plist */; };
		74D214F91FC27BAF00F145F6 /* SkillWebViewController.swift in Sources */ = {isa = PBXBuildFile; fileRef = 74D214F81FC27BAF00F145F6 /* SkillWebViewController.swift */; };
		74E2D25D1FBD86B300671F35 /* ResumeModel.xcdatamodeld in Sources */ = {isa = PBXBuildFile; fileRef = 74E2D25B1FBD86B300671F35 /* ResumeModel.xcdatamodeld */; };
		74E2D25F1FBD88CF00671F35 /* ProgrammingLanguageBean.swift in Sources */ = {isa = PBXBuildFile; fileRef = 74E2D25E1FBD88CF00671F35 /* ProgrammingLanguageBean.swift */; };
		74E2D2611FBD892100671F35 /* FrameworkBean.swift in Sources */ = {isa = PBXBuildFile; fileRef = 74E2D2601FBD892100671F35 /* FrameworkBean.swift */; };
		74E2D2631FBD8A4E00671F35 /* FrameworkTopicItem.swift in Sources */ = {isa = PBXBuildFile; fileRef = 74E2D2621FBD8A4E00671F35 /* FrameworkTopicItem.swift */; };
		74E2D2651FBD8B4300671F35 /* ProgrammingLanguageDAO.swift in Sources */ = {isa = PBXBuildFile; fileRef = 74E2D2641FBD8B4300671F35 /* ProgrammingLanguageDAO.swift */; };
		74E2D2671FBD8C8A00671F35 /* FrameworkBeanDAO.swift in Sources */ = {isa = PBXBuildFile; fileRef = 74E2D2661FBD8C8A00671F35 /* FrameworkBeanDAO.swift */; };
		74E568C41F8620CC009CE783 /* AboutInfoTableViewCell.swift in Sources */ = {isa = PBXBuildFile; fileRef = 74E568C31F8620CC009CE783 /* AboutInfoTableViewCell.swift */; };
		74EA588D1F964832006C7DFD /* Experience.storyboard in Resources */ = {isa = PBXBuildFile; fileRef = 74EA588B1F964832006C7DFD /* Experience.storyboard */; };
		74EF00631F5C23E700696930 /* AppDelegate.swift in Sources */ = {isa = PBXBuildFile; fileRef = 74EF00621F5C23E700696930 /* AppDelegate.swift */; };
		74EF006A1F5C23E700696930 /* Main.storyboard in Resources */ = {isa = PBXBuildFile; fileRef = 74EF00681F5C23E700696930 /* Main.storyboard */; };
		74EF006C1F5C23E700696930 /* Assets.xcassets in Resources */ = {isa = PBXBuildFile; fileRef = 74EF006B1F5C23E700696930 /* Assets.xcassets */; };
		74EF006F1F5C23E700696930 /* LaunchScreen.storyboard in Resources */ = {isa = PBXBuildFile; fileRef = 74EF006D1F5C23E700696930 /* LaunchScreen.storyboard */; };
		74EF007A1F5C23E800696930 /* ResumeTests.swift in Sources */ = {isa = PBXBuildFile; fileRef = 74EF00791F5C23E800696930 /* ResumeTests.swift */; };
		74EF00851F5C23E800696930 /* ResumeUITests.swift in Sources */ = {isa = PBXBuildFile; fileRef = 74EF00841F5C23E800696930 /* ResumeUITests.swift */; };
		74EF00961F5C279F00696930 /* MainViewController.swift in Sources */ = {isa = PBXBuildFile; fileRef = 74EF00951F5C279F00696930 /* MainViewController.swift */; };
		74F3D9761F78CA5500222D1F /* ExperienceTableViewController.swift in Sources */ = {isa = PBXBuildFile; fileRef = 74F3D9751F78CA5500222D1F /* ExperienceTableViewController.swift */; };
		74F3D9781F78CE4600222D1F /* SkillViewController.swift in Sources */ = {isa = PBXBuildFile; fileRef = 74F3D9771F78CE4600222D1F /* SkillViewController.swift */; };
		74F3D97A1F78D39300222D1F /* ExperienceDataBean.swift in Sources */ = {isa = PBXBuildFile; fileRef = 74F3D9791F78D39300222D1F /* ExperienceDataBean.swift */; };
		74F3D97C1F78D64800222D1F /* ExperienceDAO.swift in Sources */ = {isa = PBXBuildFile; fileRef = 74F3D97B1F78D64800222D1F /* ExperienceDAO.swift */; };
		74F3D97E1F78DBF900222D1F /* ExperienceDataSource.swift in Sources */ = {isa = PBXBuildFile; fileRef = 74F3D97D1F78DBF900222D1F /* ExperienceDataSource.swift */; };
		74F869061F79ED49002F19E1 /* ExperienceTableCell.swift in Sources */ = {isa = PBXBuildFile; fileRef = 74F869051F79ED49002F19E1 /* ExperienceTableCell.swift */; };
		75EB079C768E02956BB5C09A /* Pods_ResumeTests.framework in Frameworks */ = {isa = PBXBuildFile; fileRef = A23609936C0D06ED8327D09C /* Pods_ResumeTests.framework */; };
		8EB86E8BFA60C91500A0B493 /* Pods_ResumeUITests.framework in Frameworks */ = {isa = PBXBuildFile; fileRef = 4058B2A9573E012219917AC0 /* Pods_ResumeUITests.framework */; };
/* End PBXBuildFile section */

/* Begin PBXContainerItemProxy section */
		74EF00761F5C23E800696930 /* PBXContainerItemProxy */ = {
			isa = PBXContainerItemProxy;
			containerPortal = 74EF00571F5C23E700696930 /* Project object */;
			proxyType = 1;
			remoteGlobalIDString = 74EF005E1F5C23E700696930;
			remoteInfo = Resume;
		};
		74EF00811F5C23E800696930 /* PBXContainerItemProxy */ = {
			isa = PBXContainerItemProxy;
			containerPortal = 74EF00571F5C23E700696930 /* Project object */;
			proxyType = 1;
			remoteGlobalIDString = 74EF005E1F5C23E700696930;
			remoteInfo = Resume;
		};
/* End PBXContainerItemProxy section */

/* Begin PBXFileReference section */
		4058B2A9573E012219917AC0 /* Pods_ResumeUITests.framework */ = {isa = PBXFileReference; explicitFileType = wrapper.framework; includeInIndex = 0; path = Pods_ResumeUITests.framework; sourceTree = BUILT_PRODUCTS_DIR; };
		57D009F105888EFB83D59D03 /* Pods-ResumeUITests.release.xcconfig */ = {isa = PBXFileReference; includeInIndex = 1; lastKnownFileType = text.xcconfig; name = "Pods-ResumeUITests.release.xcconfig"; path = "Pods/Target Support Files/Pods-ResumeUITests/Pods-ResumeUITests.release.xcconfig"; sourceTree = "<group>"; };
		5B64DD30E91ABCAEAE8073A8 /* Pods-Resume.debug.xcconfig */ = {isa = PBXFileReference; includeInIndex = 1; lastKnownFileType = text.xcconfig; name = "Pods-Resume.debug.xcconfig"; path = "Pods/Target Support Files/Pods-Resume/Pods-Resume.debug.xcconfig"; sourceTree = "<group>"; };
		740AF5751FC4FFF200954017 /* FWCollectionViewController.swift */ = {isa = PBXFileReference; lastKnownFileType = sourcecode.swift; path = FWCollectionViewController.swift; sourceTree = "<group>"; };
		740AF5771FC50E8A00954017 /* SkillRootViewController.swift */ = {isa = PBXFileReference; lastKnownFileType = sourcecode.swift; path = SkillRootViewController.swift; sourceTree = "<group>"; };
		741A4B5A1FBD441800740FD1 /* ProgrammingLanguageCell.swift */ = {isa = PBXFileReference; lastKnownFileType = sourcecode.swift; path = ProgrammingLanguageCell.swift; sourceTree = "<group>"; };
		741A4B5C1FBD443300740FD1 /* FrameworkCell.swift */ = {isa = PBXFileReference; lastKnownFileType = sourcecode.swift; path = FrameworkCell.swift; sourceTree = "<group>"; };
		7425C9901FBBDD1300FC8D3B /* Skill.storyboard */ = {isa = PBXFileReference; fileEncoding = 4; lastKnownFileType = file.storyboard; path = Skill.storyboard; sourceTree = "<group>"; };
		7427313D1FE1334D008BDA6A /* NotificationContentViewController.swift */ = {isa = PBXFileReference; lastKnownFileType = sourcecode.swift; path = NotificationContentViewController.swift; sourceTree = "<group>"; };
		7445A6701F9C9997002F09CC /* Resume.entitlements */ = {isa = PBXFileReference; lastKnownFileType = text.plist.entitlements; path = Resume.entitlements; sourceTree = "<group>"; };
		74584C7C1F6B72E000AA8F54 /* AboutViewController.swift */ = {isa = PBXFileReference; fileEncoding = 4; lastKnownFileType = sourcecode.swift; path = AboutViewController.swift; sourceTree = "<group>"; };
		74603EBB1FC3DE1000EED313 /* SkillWebViewSegue.swift */ = {isa = PBXFileReference; lastKnownFileType = sourcecode.swift; path = SkillWebViewSegue.swift; sourceTree = "<group>"; };
		74603EBD1FC3E40900EED313 /* PGCollectionViewController.swift */ = {isa = PBXFileReference; lastKnownFileType = sourcecode.swift; path = PGCollectionViewController.swift; sourceTree = "<group>"; };
		7497A68D1FB588D0006ADD94 /* ExperienceDetailViewController.swift */ = {isa = PBXFileReference; lastKnownFileType = sourcecode.swift; path = ExperienceDetailViewController.swift; sourceTree = "<group>"; };
		7497A68F1FB58A7D006ADD94 /* ExperienceDetailViewCell.swift */ = {isa = PBXFileReference; lastKnownFileType = sourcecode.swift; path = ExperienceDetailViewCell.swift; sourceTree = "<group>"; };
		74C15B541FDE35800014F4AB /* GoogleService-Info.plist */ = {isa = PBXFileReference; fileEncoding = 4; lastKnownFileType = text.plist.xml; path = "GoogleService-Info.plist"; sourceTree = "<group>"; };
		74D212FA289C48A4B7F7CE2D /* Pods-Resume.release.xcconfig */ = {isa = PBXFileReference; includeInIndex = 1; lastKnownFileType = text.xcconfig; name = "Pods-Resume.release.xcconfig"; path = "Pods/Target Support Files/Pods-Resume/Pods-Resume.release.xcconfig"; sourceTree = "<group>"; };
		74D214F81FC27BAF00F145F6 /* SkillWebViewController.swift */ = {isa = PBXFileReference; lastKnownFileType = sourcecode.swift; path = SkillWebViewController.swift; sourceTree = "<group>"; };
		74E2D25C1FBD86B300671F35 /* ResumeModel.xcdatamodel */ = {isa = PBXFileReference; lastKnownFileType = wrapper.xcdatamodel; path = ResumeModel.xcdatamodel; sourceTree = "<group>"; };
		74E2D25E1FBD88CF00671F35 /* ProgrammingLanguageBean.swift */ = {isa = PBXFileReference; lastKnownFileType = sourcecode.swift; path = ProgrammingLanguageBean.swift; sourceTree = "<group>"; };
		74E2D2601FBD892100671F35 /* FrameworkBean.swift */ = {isa = PBXFileReference; lastKnownFileType = sourcecode.swift; path = FrameworkBean.swift; sourceTree = "<group>"; };
		74E2D2621FBD8A4E00671F35 /* FrameworkTopicItem.swift */ = {isa = PBXFileReference; lastKnownFileType = sourcecode.swift; path = FrameworkTopicItem.swift; sourceTree = "<group>"; };
		74E2D2641FBD8B4300671F35 /* ProgrammingLanguageDAO.swift */ = {isa = PBXFileReference; lastKnownFileType = sourcecode.swift; path = ProgrammingLanguageDAO.swift; sourceTree = "<group>"; };
		74E2D2661FBD8C8A00671F35 /* FrameworkBeanDAO.swift */ = {isa = PBXFileReference; lastKnownFileType = sourcecode.swift; path = FrameworkBeanDAO.swift; sourceTree = "<group>"; };
		74E568C31F8620CC009CE783 /* AboutInfoTableViewCell.swift */ = {isa = PBXFileReference; lastKnownFileType = sourcecode.swift; path = AboutInfoTableViewCell.swift; sourceTree = "<group>"; };
		74EA588C1F964832006C7DFD /* Base */ = {isa = PBXFileReference; lastKnownFileType = file.storyboard; name = Base; path = Resume/Base.lproj/Experience.storyboard; sourceTree = "<group>"; };
		74EF005F1F5C23E700696930 /* Resume.app */ = {isa = PBXFileReference; explicitFileType = wrapper.application; includeInIndex = 0; path = Resume.app; sourceTree = BUILT_PRODUCTS_DIR; };
		74EF00621F5C23E700696930 /* AppDelegate.swift */ = {isa = PBXFileReference; lastKnownFileType = sourcecode.swift; path = AppDelegate.swift; sourceTree = "<group>"; };
		74EF00691F5C23E700696930 /* Base */ = {isa = PBXFileReference; lastKnownFileType = file.storyboard; name = Base; path = Base.lproj/Main.storyboard; sourceTree = "<group>"; };
		74EF006B1F5C23E700696930 /* Assets.xcassets */ = {isa = PBXFileReference; lastKnownFileType = folder.assetcatalog; path = Assets.xcassets; sourceTree = "<group>"; };
		74EF006E1F5C23E700696930 /* Base */ = {isa = PBXFileReference; lastKnownFileType = file.storyboard; name = Base; path = Base.lproj/LaunchScreen.storyboard; sourceTree = "<group>"; };
		74EF00701F5C23E700696930 /* Info.plist */ = {isa = PBXFileReference; lastKnownFileType = text.plist.xml; path = Info.plist; sourceTree = "<group>"; };
		74EF00751F5C23E800696930 /* ResumeTests.xctest */ = {isa = PBXFileReference; explicitFileType = wrapper.cfbundle; includeInIndex = 0; path = ResumeTests.xctest; sourceTree = BUILT_PRODUCTS_DIR; };
		74EF00791F5C23E800696930 /* ResumeTests.swift */ = {isa = PBXFileReference; lastKnownFileType = sourcecode.swift; path = ResumeTests.swift; sourceTree = "<group>"; };
		74EF007B1F5C23E800696930 /* Info.plist */ = {isa = PBXFileReference; lastKnownFileType = text.plist.xml; path = Info.plist; sourceTree = "<group>"; };
		74EF00801F5C23E800696930 /* ResumeUITests.xctest */ = {isa = PBXFileReference; explicitFileType = wrapper.cfbundle; includeInIndex = 0; path = ResumeUITests.xctest; sourceTree = BUILT_PRODUCTS_DIR; };
		74EF00841F5C23E800696930 /* ResumeUITests.swift */ = {isa = PBXFileReference; lastKnownFileType = sourcecode.swift; path = ResumeUITests.swift; sourceTree = "<group>"; };
		74EF00861F5C23E800696930 /* Info.plist */ = {isa = PBXFileReference; lastKnownFileType = text.plist.xml; path = Info.plist; sourceTree = "<group>"; };
		74EF00951F5C279F00696930 /* MainViewController.swift */ = {isa = PBXFileReference; fileEncoding = 4; lastKnownFileType = sourcecode.swift; name = MainViewController.swift; path = ../MainViewController.swift; sourceTree = "<group>"; };
		74F3D9751F78CA5500222D1F /* ExperienceTableViewController.swift */ = {isa = PBXFileReference; lastKnownFileType = sourcecode.swift; path = ExperienceTableViewController.swift; sourceTree = "<group>"; };
		74F3D9771F78CE4600222D1F /* SkillViewController.swift */ = {isa = PBXFileReference; lastKnownFileType = sourcecode.swift; path = SkillViewController.swift; sourceTree = "<group>"; };
		74F3D9791F78D39300222D1F /* ExperienceDataBean.swift */ = {isa = PBXFileReference; lastKnownFileType = sourcecode.swift; path = ExperienceDataBean.swift; sourceTree = "<group>"; };
		74F3D97B1F78D64800222D1F /* ExperienceDAO.swift */ = {isa = PBXFileReference; lastKnownFileType = sourcecode.swift; path = ExperienceDAO.swift; sourceTree = "<group>"; };
		74F3D97D1F78DBF900222D1F /* ExperienceDataSource.swift */ = {isa = PBXFileReference; lastKnownFileType = sourcecode.swift; path = ExperienceDataSource.swift; sourceTree = "<group>"; };
		74F869051F79ED49002F19E1 /* ExperienceTableCell.swift */ = {isa = PBXFileReference; lastKnownFileType = sourcecode.swift; path = ExperienceTableCell.swift; sourceTree = "<group>"; };
		9AB5EBC78A3F575A9335D291 /* Pods-ResumeUITests.debug.xcconfig */ = {isa = PBXFileReference; includeInIndex = 1; lastKnownFileType = text.xcconfig; name = "Pods-ResumeUITests.debug.xcconfig"; path = "Pods/Target Support Files/Pods-ResumeUITests/Pods-ResumeUITests.debug.xcconfig"; sourceTree = "<group>"; };
		A23609936C0D06ED8327D09C /* Pods_ResumeTests.framework */ = {isa = PBXFileReference; explicitFileType = wrapper.framework; includeInIndex = 0; path = Pods_ResumeTests.framework; sourceTree = BUILT_PRODUCTS_DIR; };
		DC97858678F1B8DFE7FC93CF /* Pods-ResumeTests.release.xcconfig */ = {isa = PBXFileReference; includeInIndex = 1; lastKnownFileType = text.xcconfig; name = "Pods-ResumeTests.release.xcconfig"; path = "Pods/Target Support Files/Pods-ResumeTests/Pods-ResumeTests.release.xcconfig"; sourceTree = "<group>"; };
		E47B6659A24A64401F7430E8 /* Pods-ResumeTests.debug.xcconfig */ = {isa = PBXFileReference; includeInIndex = 1; lastKnownFileType = text.xcconfig; name = "Pods-ResumeTests.debug.xcconfig"; path = "Pods/Target Support Files/Pods-ResumeTests/Pods-ResumeTests.debug.xcconfig"; sourceTree = "<group>"; };
		F61CB3FB31D5D0B0FDA29E8F /* Pods_Resume.framework */ = {isa = PBXFileReference; explicitFileType = wrapper.framework; includeInIndex = 0; path = Pods_Resume.framework; sourceTree = BUILT_PRODUCTS_DIR; };
/* End PBXFileReference section */

/* Begin PBXFrameworksBuildPhase section */
		74EF005C1F5C23E700696930 /* Frameworks */ = {
			isa = PBXFrameworksBuildPhase;
			buildActionMask = 2147483647;
			files = (
				38CA64D2561F9E2B96C1597B /* Pods_Resume.framework in Frameworks */,
			);
			runOnlyForDeploymentPostprocessing = 0;
		};
		74EF00721F5C23E800696930 /* Frameworks */ = {
			isa = PBXFrameworksBuildPhase;
			buildActionMask = 2147483647;
			files = (
				75EB079C768E02956BB5C09A /* Pods_ResumeTests.framework in Frameworks */,
			);
			runOnlyForDeploymentPostprocessing = 0;
		};
		74EF007D1F5C23E800696930 /* Frameworks */ = {
			isa = PBXFrameworksBuildPhase;
			buildActionMask = 2147483647;
			files = (
				8EB86E8BFA60C91500A0B493 /* Pods_ResumeUITests.framework in Frameworks */,
			);
			runOnlyForDeploymentPostprocessing = 0;
		};
/* End PBXFrameworksBuildPhase section */

/* Begin PBXGroup section */
		1073939EF299ABFEE87D1164 /* Frameworks */ = {
			isa = PBXGroup;
			children = (
				F61CB3FB31D5D0B0FDA29E8F /* Pods_Resume.framework */,
				A23609936C0D06ED8327D09C /* Pods_ResumeTests.framework */,
				4058B2A9573E012219917AC0 /* Pods_ResumeUITests.framework */,
			);
			name = Frameworks;
			sourceTree = "<group>";
		};
		74EF00561F5C23E700696930 = {
			isa = PBXGroup;
			children = (
				74EF00611F5C23E700696930 /* Resume */,
				74EF00781F5C23E800696930 /* ResumeTests */,
				74EF00831F5C23E800696930 /* ResumeUITests */,
				74EF00601F5C23E700696930 /* Products */,
				E6F8B0B9F1AC0BB6F30687C3 /* Pods */,
				1073939EF299ABFEE87D1164 /* Frameworks */,
			);
			sourceTree = "<group>";
		};
		74EF00601F5C23E700696930 /* Products */ = {
			isa = PBXGroup;
			children = (
				74EF005F1F5C23E700696930 /* Resume.app */,
				74EF00751F5C23E800696930 /* ResumeTests.xctest */,
				74EF00801F5C23E800696930 /* ResumeUITests.xctest */,
			);
			name = Products;
			sourceTree = "<group>";
		};
		74EF00611F5C23E700696930 /* Resume */ = {
			isa = PBXGroup;
			children = (
				7427313D1FE1334D008BDA6A /* NotificationContentViewController.swift */,
				740AF5771FC50E8A00954017 /* SkillRootViewController.swift */,
				740AF5751FC4FFF200954017 /* FWCollectionViewController.swift */,
				74603EBD1FC3E40900EED313 /* PGCollectionViewController.swift */,
				74D214F81FC27BAF00F145F6 /* SkillWebViewController.swift */,
				741A4B5A1FBD441800740FD1 /* ProgrammingLanguageCell.swift */,
				741A4B5C1FBD443300740FD1 /* FrameworkCell.swift */,
				74E2D25B1FBD86B300671F35 /* ResumeModel.xcdatamodeld */,
				7425C9901FBBDD1300FC8D3B /* Skill.storyboard */,
				7497A68D1FB588D0006ADD94 /* ExperienceDetailViewController.swift */,
				7497A68F1FB58A7D006ADD94 /* ExperienceDetailViewCell.swift */,
				7445A6701F9C9997002F09CC /* Resume.entitlements */,
				74EA588B1F964832006C7DFD /* Experience.storyboard */,
				74E568C31F8620CC009CE783 /* AboutInfoTableViewCell.swift */,
				74F3D9751F78CA5500222D1F /* ExperienceTableViewController.swift */,
				74EF00951F5C279F00696930 /* MainViewController.swift */,
				74EF00681F5C23E700696930 /* Main.storyboard */,
				74F869051F79ED49002F19E1 /* ExperienceTableCell.swift */,
				74F3D9771F78CE4600222D1F /* SkillViewController.swift */,
				74603EBB1FC3DE1000EED313 /* SkillWebViewSegue.swift */,
				74584C7C1F6B72E000AA8F54 /* AboutViewController.swift */,
				74F869071F79ED67002F19E1 /* model */,
				74EF00921F5C24CB00696930 /* Supported Files */,
			);
			path = Resume;
			sourceTree = "<group>";
		};
		74EF00781F5C23E800696930 /* ResumeTests */ = {
			isa = PBXGroup;
			children = (
				74EF00791F5C23E800696930 /* ResumeTests.swift */,
				74EF007B1F5C23E800696930 /* Info.plist */,
			);
			path = ResumeTests;
			sourceTree = "<group>";
		};
		74EF00831F5C23E800696930 /* ResumeUITests */ = {
			isa = PBXGroup;
			children = (
				74EF00841F5C23E800696930 /* ResumeUITests.swift */,
				74EF00861F5C23E800696930 /* Info.plist */,
			);
			path = ResumeUITests;
			sourceTree = "<group>";
		};
		74EF00921F5C24CB00696930 /* Supported Files */ = {
			isa = PBXGroup;
			children = (
				74C15B541FDE35800014F4AB /* GoogleService-Info.plist */,
				74EF00621F5C23E700696930 /* AppDelegate.swift */,
				74EF006B1F5C23E700696930 /* Assets.xcassets */,
				74EF006D1F5C23E700696930 /* LaunchScreen.storyboard */,
				74EF00701F5C23E700696930 /* Info.plist */,
			);
			name = "Supported Files";
			sourceTree = "<group>";
		};
		74F869071F79ED67002F19E1 /* model */ = {
			isa = PBXGroup;
			children = (
				74E2D25E1FBD88CF00671F35 /* ProgrammingLanguageBean.swift */,
				74E2D2601FBD892100671F35 /* FrameworkBean.swift */,
				74E2D2621FBD8A4E00671F35 /* FrameworkTopicItem.swift */,
				74E2D2641FBD8B4300671F35 /* ProgrammingLanguageDAO.swift */,
				74E2D2661FBD8C8A00671F35 /* FrameworkBeanDAO.swift */,
				74F3D9791F78D39300222D1F /* ExperienceDataBean.swift */,
				74F3D97D1F78DBF900222D1F /* ExperienceDataSource.swift */,
				74F3D97B1F78D64800222D1F /* ExperienceDAO.swift */,
			);
			name = model;
			sourceTree = "<group>";
		};
		E6F8B0B9F1AC0BB6F30687C3 /* Pods */ = {
			isa = PBXGroup;
			children = (
				5B64DD30E91ABCAEAE8073A8 /* Pods-Resume.debug.xcconfig */,
				74D212FA289C48A4B7F7CE2D /* Pods-Resume.release.xcconfig */,
				E47B6659A24A64401F7430E8 /* Pods-ResumeTests.debug.xcconfig */,
				DC97858678F1B8DFE7FC93CF /* Pods-ResumeTests.release.xcconfig */,
				9AB5EBC78A3F575A9335D291 /* Pods-ResumeUITests.debug.xcconfig */,
				57D009F105888EFB83D59D03 /* Pods-ResumeUITests.release.xcconfig */,
			);
			name = Pods;
			sourceTree = "<group>";
		};
/* End PBXGroup section */

/* Begin PBXNativeTarget section */
		74EF005E1F5C23E700696930 /* Resume */ = {
			isa = PBXNativeTarget;
			buildConfigurationList = 74EF00891F5C23E800696930 /* Build configuration list for PBXNativeTarget "Resume" */;
			buildPhases = (
				F0A994284032990DADFE0A03 /* [CP] Check Pods Manifest.lock */,
				74EF005B1F5C23E700696930 /* Sources */,
				74EF005C1F5C23E700696930 /* Frameworks */,
				74EF005D1F5C23E700696930 /* Resources */,
				666C3CE0206D9F5E3BCD6D91 /* [CP] Embed Pods Frameworks */,
				AAC247968FA3451CC3E44552 /* [CP] Copy Pods Resources */,
			);
			buildRules = (
			);
			dependencies = (
			);
			name = Resume;
			productName = Resume;
			productReference = 74EF005F1F5C23E700696930 /* Resume.app */;
			productType = "com.apple.product-type.application";
		};
		74EF00741F5C23E800696930 /* ResumeTests */ = {
			isa = PBXNativeTarget;
			buildConfigurationList = 74EF008C1F5C23E800696930 /* Build configuration list for PBXNativeTarget "ResumeTests" */;
			buildPhases = (
				7915C18020EF2636B5CA90FC /* [CP] Check Pods Manifest.lock */,
				74EF00711F5C23E800696930 /* Sources */,
				74EF00721F5C23E800696930 /* Frameworks */,
				74EF00731F5C23E800696930 /* Resources */,
				828913029C3A05F57844CBEE /* [CP] Embed Pods Frameworks */,
				7697540128218326FEE9F184 /* [CP] Copy Pods Resources */,
			);
			buildRules = (
			);
			dependencies = (
				74EF00771F5C23E800696930 /* PBXTargetDependency */,
			);
			name = ResumeTests;
			productName = ResumeTests;
			productReference = 74EF00751F5C23E800696930 /* ResumeTests.xctest */;
			productType = "com.apple.product-type.bundle.unit-test";
		};
		74EF007F1F5C23E800696930 /* ResumeUITests */ = {
			isa = PBXNativeTarget;
			buildConfigurationList = 74EF008F1F5C23E800696930 /* Build configuration list for PBXNativeTarget "ResumeUITests" */;
			buildPhases = (
				707EEB0E934B17177E31B48E /* [CP] Check Pods Manifest.lock */,
				74EF007C1F5C23E800696930 /* Sources */,
				74EF007D1F5C23E800696930 /* Frameworks */,
				74EF007E1F5C23E800696930 /* Resources */,
				DC9CAE378C4813B7DD54C90D /* [CP] Embed Pods Frameworks */,
				E45EFAC8397EF2409D15D649 /* [CP] Copy Pods Resources */,
			);
			buildRules = (
			);
			dependencies = (
				74EF00821F5C23E800696930 /* PBXTargetDependency */,
			);
			name = ResumeUITests;
			productName = ResumeUITests;
			productReference = 74EF00801F5C23E800696930 /* ResumeUITests.xctest */;
			productType = "com.apple.product-type.bundle.ui-testing";
		};
/* End PBXNativeTarget section */

/* Begin PBXProject section */
		74EF00571F5C23E700696930 /* Project object */ = {
			isa = PBXProject;
			attributes = {
				LastSwiftUpdateCheck = 0830;
				LastUpgradeCheck = 0900;
				ORGANIZATIONNAME = "Phoenix Wu";
				TargetAttributes = {
					74EF005E1F5C23E700696930 = {
						CreatedOnToolsVersion = 8.3.3;
						DevelopmentTeam = VHY3WV968G;
						LastSwiftMigration = 0900;
						ProvisioningStyle = Automatic;
						SystemCapabilities = {
							com.apple.Push = {
								enabled = 1;
							};
						};
					};
					74EF00741F5C23E800696930 = {
						CreatedOnToolsVersion = 8.3.3;
						DevelopmentTeam = VHY3WV968G;
						LastSwiftMigration = 0900;
						ProvisioningStyle = Automatic;
						TestTargetID = 74EF005E1F5C23E700696930;
					};
					74EF007F1F5C23E800696930 = {
						CreatedOnToolsVersion = 8.3.3;
						DevelopmentTeam = VHY3WV968G;
						LastSwiftMigration = 0900;
						ProvisioningStyle = Automatic;
						TestTargetID = 74EF005E1F5C23E700696930;
					};
				};
			};
			buildConfigurationList = 74EF005A1F5C23E700696930 /* Build configuration list for PBXProject "Resume" */;
			compatibilityVersion = "Xcode 3.2";
			developmentRegion = English;
			hasScannedForEncodings = 0;
			knownRegions = (
				en,
				Base,
			);
			mainGroup = 74EF00561F5C23E700696930;
			productRefGroup = 74EF00601F5C23E700696930 /* Products */;
			projectDirPath = "";
			projectRoot = "";
			targets = (
				74EF005E1F5C23E700696930 /* Resume */,
				74EF00741F5C23E800696930 /* ResumeTests */,
				74EF007F1F5C23E800696930 /* ResumeUITests */,
			);
		};
/* End PBXProject section */

/* Begin PBXResourcesBuildPhase section */
		74EF005D1F5C23E700696930 /* Resources */ = {
			isa = PBXResourcesBuildPhase;
			buildActionMask = 2147483647;
			files = (
				74EA588D1F964832006C7DFD /* Experience.storyboard in Resources */,
				7425C9911FBBDD1300FC8D3B /* Skill.storyboard in Resources */,
				74EF006F1F5C23E700696930 /* LaunchScreen.storyboard in Resources */,
				74EF006C1F5C23E700696930 /* Assets.xcassets in Resources */,
				74EF006A1F5C23E700696930 /* Main.storyboard in Resources */,
				74C15B551FDE35800014F4AB /* GoogleService-Info.plist in Resources */,
			);
			runOnlyForDeploymentPostprocessing = 0;
		};
		74EF00731F5C23E800696930 /* Resources */ = {
			isa = PBXResourcesBuildPhase;
			buildActionMask = 2147483647;
			files = (
			);
			runOnlyForDeploymentPostprocessing = 0;
		};
		74EF007E1F5C23E800696930 /* Resources */ = {
			isa = PBXResourcesBuildPhase;
			buildActionMask = 2147483647;
			files = (
			);
			runOnlyForDeploymentPostprocessing = 0;
		};
/* End PBXResourcesBuildPhase section */

/* Begin PBXShellScriptBuildPhase section */
		666C3CE0206D9F5E3BCD6D91 /* [CP] Embed Pods Frameworks */ = {
			isa = PBXShellScriptBuildPhase;
			buildActionMask = 2147483647;
			files = (
			);
			inputPaths = (
				"${SRCROOT}/Pods/Target Support Files/Pods-Resume/Pods-Resume-frameworks.sh",
				"${BUILT_PRODUCTS_DIR}/GoogleToolboxForMac/GoogleToolboxForMac.framework",
				"${BUILT_PRODUCTS_DIR}/Protobuf/Protobuf.framework",
				"${BUILT_PRODUCTS_DIR}/nanopb/nanopb.framework",
			);
			name = "[CP] Embed Pods Frameworks";
			outputPaths = (
				"${TARGET_BUILD_DIR}/${FRAMEWORKS_FOLDER_PATH}/GoogleToolboxForMac.framework",
				"${TARGET_BUILD_DIR}/${FRAMEWORKS_FOLDER_PATH}/Protobuf.framework",
				"${TARGET_BUILD_DIR}/${FRAMEWORKS_FOLDER_PATH}/nanopb.framework",
			);
			runOnlyForDeploymentPostprocessing = 0;
			shellPath = /bin/sh;
			shellScript = "\"${SRCROOT}/Pods/Target Support Files/Pods-Resume/Pods-Resume-frameworks.sh\"\n";
			showEnvVarsInLog = 0;
		};
		707EEB0E934B17177E31B48E /* [CP] Check Pods Manifest.lock */ = {
			isa = PBXShellScriptBuildPhase;
			buildActionMask = 2147483647;
			files = (
			);
			inputPaths = (
				"${PODS_PODFILE_DIR_PATH}/Podfile.lock",
				"${PODS_ROOT}/Manifest.lock",
			);
			name = "[CP] Check Pods Manifest.lock";
			outputPaths = (
				"$(DERIVED_FILE_DIR)/Pods-ResumeUITests-checkManifestLockResult.txt",
			);
			runOnlyForDeploymentPostprocessing = 0;
			shellPath = /bin/sh;
			shellScript = "diff \"${PODS_PODFILE_DIR_PATH}/Podfile.lock\" \"${PODS_ROOT}/Manifest.lock\" > /dev/null\nif [ $? != 0 ] ; then\n    # print error to STDERR\n    echo \"error: The sandbox is not in sync with the Podfile.lock. Run 'pod install' or update your CocoaPods installation.\" >&2\n    exit 1\nfi\n# This output is used by Xcode 'outputs' to avoid re-running this script phase.\necho \"SUCCESS\" > \"${SCRIPT_OUTPUT_FILE_0}\"\n";
			showEnvVarsInLog = 0;
		};
		7697540128218326FEE9F184 /* [CP] Copy Pods Resources */ = {
			isa = PBXShellScriptBuildPhase;
			buildActionMask = 2147483647;
			files = (
			);
			inputPaths = (
			);
			name = "[CP] Copy Pods Resources";
			outputPaths = (
			);
			runOnlyForDeploymentPostprocessing = 0;
			shellPath = /bin/sh;
			shellScript = "\"${SRCROOT}/Pods/Target Support Files/Pods-ResumeTests/Pods-ResumeTests-resources.sh\"\n";
			showEnvVarsInLog = 0;
		};
		7915C18020EF2636B5CA90FC /* [CP] Check Pods Manifest.lock */ = {
			isa = PBXShellScriptBuildPhase;
			buildActionMask = 2147483647;
			files = (
			);
			inputPaths = (
				"${PODS_PODFILE_DIR_PATH}/Podfile.lock",
				"${PODS_ROOT}/Manifest.lock",
			);
			name = "[CP] Check Pods Manifest.lock";
			outputPaths = (
				"$(DERIVED_FILE_DIR)/Pods-ResumeTests-checkManifestLockResult.txt",
			);
			runOnlyForDeploymentPostprocessing = 0;
			shellPath = /bin/sh;
			shellScript = "diff \"${PODS_PODFILE_DIR_PATH}/Podfile.lock\" \"${PODS_ROOT}/Manifest.lock\" > /dev/null\nif [ $? != 0 ] ; then\n    # print error to STDERR\n    echo \"error: The sandbox is not in sync with the Podfile.lock. Run 'pod install' or update your CocoaPods installation.\" >&2\n    exit 1\nfi\n# This output is used by Xcode 'outputs' to avoid re-running this script phase.\necho \"SUCCESS\" > \"${SCRIPT_OUTPUT_FILE_0}\"\n";
			showEnvVarsInLog = 0;
		};
		828913029C3A05F57844CBEE /* [CP] Embed Pods Frameworks */ = {
			isa = PBXShellScriptBuildPhase;
			buildActionMask = 2147483647;
			files = (
			);
			inputPaths = (
			);
			name = "[CP] Embed Pods Frameworks";
			outputPaths = (
			);
			runOnlyForDeploymentPostprocessing = 0;
			shellPath = /bin/sh;
			shellScript = "\"${SRCROOT}/Pods/Target Support Files/Pods-ResumeTests/Pods-ResumeTests-frameworks.sh\"\n";
			showEnvVarsInLog = 0;
		};
		AAC247968FA3451CC3E44552 /* [CP] Copy Pods Resources */ = {
			isa = PBXShellScriptBuildPhase;
			buildActionMask = 2147483647;
			files = (
			);
			inputPaths = (
			);
			name = "[CP] Copy Pods Resources";
			outputPaths = (
			);
			runOnlyForDeploymentPostprocessing = 0;
			shellPath = /bin/sh;
			shellScript = "\"${SRCROOT}/Pods/Target Support Files/Pods-Resume/Pods-Resume-resources.sh\"\n";
			showEnvVarsInLog = 0;
		};
		DC9CAE378C4813B7DD54C90D /* [CP] Embed Pods Frameworks */ = {
			isa = PBXShellScriptBuildPhase;
			buildActionMask = 2147483647;
			files = (
			);
			inputPaths = (
			);
			name = "[CP] Embed Pods Frameworks";
			outputPaths = (
			);
			runOnlyForDeploymentPostprocessing = 0;
			shellPath = /bin/sh;
			shellScript = "\"${SRCROOT}/Pods/Target Support Files/Pods-ResumeUITests/Pods-ResumeUITests-frameworks.sh\"\n";
			showEnvVarsInLog = 0;
		};
		E45EFAC8397EF2409D15D649 /* [CP] Copy Pods Resources */ = {
			isa = PBXShellScriptBuildPhase;
			buildActionMask = 2147483647;
			files = (
			);
			inputPaths = (
			);
			name = "[CP] Copy Pods Resources";
			outputPaths = (
			);
			runOnlyForDeploymentPostprocessing = 0;
			shellPath = /bin/sh;
			shellScript = "\"${SRCROOT}/Pods/Target Support Files/Pods-ResumeUITests/Pods-ResumeUITests-resources.sh\"\n";
			showEnvVarsInLog = 0;
		};
		F0A994284032990DADFE0A03 /* [CP] Check Pods Manifest.lock */ = {
			isa = PBXShellScriptBuildPhase;
			buildActionMask = 2147483647;
			files = (
			);
			inputPaths = (
				"${PODS_PODFILE_DIR_PATH}/Podfile.lock",
				"${PODS_ROOT}/Manifest.lock",
			);
			name = "[CP] Check Pods Manifest.lock";
			outputPaths = (
				"$(DERIVED_FILE_DIR)/Pods-Resume-checkManifestLockResult.txt",
			);
			runOnlyForDeploymentPostprocessing = 0;
			shellPath = /bin/sh;
			shellScript = "diff \"${PODS_PODFILE_DIR_PATH}/Podfile.lock\" \"${PODS_ROOT}/Manifest.lock\" > /dev/null\nif [ $? != 0 ] ; then\n    # print error to STDERR\n    echo \"error: The sandbox is not in sync with the Podfile.lock. Run 'pod install' or update your CocoaPods installation.\" >&2\n    exit 1\nfi\n# This output is used by Xcode 'outputs' to avoid re-running this script phase.\necho \"SUCCESS\" > \"${SCRIPT_OUTPUT_FILE_0}\"\n";
			showEnvVarsInLog = 0;
		};
/* End PBXShellScriptBuildPhase section */

/* Begin PBXSourcesBuildPhase section */
		74EF005B1F5C23E700696930 /* Sources */ = {
			isa = PBXSourcesBuildPhase;
			buildActionMask = 2147483647;
			files = (
				74E2D2651FBD8B4300671F35 /* ProgrammingLanguageDAO.swift in Sources */,
				74603EBE1FC3E40900EED313 /* PGCollectionViewController.swift in Sources */,
				741A4B5D1FBD443300740FD1 /* FrameworkCell.swift in Sources */,
				74F3D97E1F78DBF900222D1F /* ExperienceDataSource.swift in Sources */,
				7497A68E1FB588D0006ADD94 /* ExperienceDetailViewController.swift in Sources */,
				74E2D2631FBD8A4E00671F35 /* FrameworkTopicItem.swift in Sources */,
				740AF5761FC4FFF200954017 /* FWCollectionViewController.swift in Sources */,
				74E2D2671FBD8C8A00671F35 /* FrameworkBeanDAO.swift in Sources */,
				74EF00631F5C23E700696930 /* AppDelegate.swift in Sources */,
				74E2D25D1FBD86B300671F35 /* ResumeModel.xcdatamodeld in Sources */,
				74E2D25F1FBD88CF00671F35 /* ProgrammingLanguageBean.swift in Sources */,
				7427313E1FE1334D008BDA6A /* NotificationContentViewController.swift in Sources */,
				7497A6901FB58A7D006ADD94 /* ExperienceDetailViewCell.swift in Sources */,
				74F3D97A1F78D39300222D1F /* ExperienceDataBean.swift in Sources */,
				74F3D9761F78CA5500222D1F /* ExperienceTableViewController.swift in Sources */,
				74F3D9781F78CE4600222D1F /* SkillViewController.swift in Sources */,
				74F3D97C1F78D64800222D1F /* ExperienceDAO.swift in Sources */,
				74EF00961F5C279F00696930 /* MainViewController.swift in Sources */,
				74F869061F79ED49002F19E1 /* ExperienceTableCell.swift in Sources */,
				74D214F91FC27BAF00F145F6 /* SkillWebViewController.swift in Sources */,
				740AF5781FC50E8A00954017 /* SkillRootViewController.swift in Sources */,
				74584C7D1F6B72E000AA8F54 /* AboutViewController.swift in Sources */,
				741A4B5B1FBD441800740FD1 /* ProgrammingLanguageCell.swift in Sources */,
				74603EBC1FC3DE1000EED313 /* SkillWebViewSegue.swift in Sources */,
				74E2D2611FBD892100671F35 /* FrameworkBean.swift in Sources */,
				74E568C41F8620CC009CE783 /* AboutInfoTableViewCell.swift in Sources */,
			);
			runOnlyForDeploymentPostprocessing = 0;
		};
		74EF00711F5C23E800696930 /* Sources */ = {
			isa = PBXSourcesBuildPhase;
			buildActionMask = 2147483647;
			files = (
				74EF007A1F5C23E800696930 /* ResumeTests.swift in Sources */,
			);
			runOnlyForDeploymentPostprocessing = 0;
		};
		74EF007C1F5C23E800696930 /* Sources */ = {
			isa = PBXSourcesBuildPhase;
			buildActionMask = 2147483647;
			files = (
				74EF00851F5C23E800696930 /* ResumeUITests.swift in Sources */,
			);
			runOnlyForDeploymentPostprocessing = 0;
		};
/* End PBXSourcesBuildPhase section */

/* Begin PBXTargetDependency section */
		74EF00771F5C23E800696930 /* PBXTargetDependency */ = {
			isa = PBXTargetDependency;
			target = 74EF005E1F5C23E700696930 /* Resume */;
			targetProxy = 74EF00761F5C23E800696930 /* PBXContainerItemProxy */;
		};
		74EF00821F5C23E800696930 /* PBXTargetDependency */ = {
			isa = PBXTargetDependency;
			target = 74EF005E1F5C23E700696930 /* Resume */;
			targetProxy = 74EF00811F5C23E800696930 /* PBXContainerItemProxy */;
		};
/* End PBXTargetDependency section */

/* Begin PBXVariantGroup section */
		74EA588B1F964832006C7DFD /* Experience.storyboard */ = {
			isa = PBXVariantGroup;
			children = (
				74EA588C1F964832006C7DFD /* Base */,
			);
			name = Experience.storyboard;
			sourceTree = "<group>";
		};
		74EF00681F5C23E700696930 /* Main.storyboard */ = {
			isa = PBXVariantGroup;
			children = (
				74EF00691F5C23E700696930 /* Base */,
			);
			name = Main.storyboard;
			sourceTree = "<group>";
		};
		74EF006D1F5C23E700696930 /* LaunchScreen.storyboard */ = {
			isa = PBXVariantGroup;
			children = (
				74EF006E1F5C23E700696930 /* Base */,
			);
			name = LaunchScreen.storyboard;
			sourceTree = "<group>";
		};
/* End PBXVariantGroup section */

/* Begin XCBuildConfiguration section */
		74EF00871F5C23E800696930 /* Debug */ = {
			isa = XCBuildConfiguration;
			buildSettings = {
				ALWAYS_SEARCH_USER_PATHS = NO;
				CLANG_ANALYZER_NONNULL = YES;
				CLANG_ANALYZER_NUMBER_OBJECT_CONVERSION = YES_AGGRESSIVE;
				CLANG_CXX_LANGUAGE_STANDARD = "gnu++0x";
				CLANG_CXX_LIBRARY = "libc++";
				CLANG_ENABLE_MODULES = YES;
				CLANG_ENABLE_OBJC_ARC = YES;
				CLANG_WARN_BLOCK_CAPTURE_AUTORELEASING = YES;
				CLANG_WARN_BOOL_CONVERSION = YES;
				CLANG_WARN_COMMA = YES;
				CLANG_WARN_CONSTANT_CONVERSION = YES;
				CLANG_WARN_DIRECT_OBJC_ISA_USAGE = YES_ERROR;
				CLANG_WARN_DOCUMENTATION_COMMENTS = YES;
				CLANG_WARN_EMPTY_BODY = YES;
				CLANG_WARN_ENUM_CONVERSION = YES;
				CLANG_WARN_INFINITE_RECURSION = YES;
				CLANG_WARN_INT_CONVERSION = YES;
				CLANG_WARN_NON_LITERAL_NULL_CONVERSION = YES;
				CLANG_WARN_OBJC_LITERAL_CONVERSION = YES;
				CLANG_WARN_OBJC_ROOT_CLASS = YES_ERROR;
				CLANG_WARN_RANGE_LOOP_ANALYSIS = YES;
				CLANG_WARN_STRICT_PROTOTYPES = YES;
				CLANG_WARN_SUSPICIOUS_MOVE = YES;
				CLANG_WARN_UNREACHABLE_CODE = YES;
				CLANG_WARN__DUPLICATE_METHOD_MATCH = YES;
				CODE_SIGN_IDENTITY = "iPhone Developer: JIA-HSING Wu (XD26R6W2K7)";
				"CODE_SIGN_IDENTITY[sdk=iphoneos11.0]" = "iPhone Developer: JIA-HSING Wu (XD26R6W2K7)";
				COPY_PHASE_STRIP = NO;
				DEBUG_INFORMATION_FORMAT = dwarf;
				ENABLE_STRICT_OBJC_MSGSEND = YES;
				ENABLE_TESTABILITY = YES;
				GCC_C_LANGUAGE_STANDARD = gnu99;
				GCC_DYNAMIC_NO_PIC = NO;
				GCC_NO_COMMON_BLOCKS = YES;
				GCC_OPTIMIZATION_LEVEL = 0;
				GCC_PREPROCESSOR_DEFINITIONS = (
					"DEBUG=1",
					"$(inherited)",
				);
				GCC_WARN_64_TO_32_BIT_CONVERSION = YES;
				GCC_WARN_ABOUT_RETURN_TYPE = YES_ERROR;
				GCC_WARN_UNDECLARED_SELECTOR = YES;
				GCC_WARN_UNINITIALIZED_AUTOS = YES_AGGRESSIVE;
				GCC_WARN_UNUSED_FUNCTION = YES;
				GCC_WARN_UNUSED_VARIABLE = YES;
				IPHONEOS_DEPLOYMENT_TARGET = 11.0;
				MTL_ENABLE_DEBUG_INFO = YES;
				ONLY_ACTIVE_ARCH = YES;
				SDKROOT = iphoneos;
				SWIFT_ACTIVE_COMPILATION_CONDITIONS = DEBUG;
				SWIFT_OPTIMIZATION_LEVEL = "-Onone";
				SWIFT_SWIFT3_OBJC_INFERENCE = Off;
				SWIFT_VERSION = 4.0;
			};
			name = Debug;
		};
		74EF00881F5C23E800696930 /* Release */ = {
			isa = XCBuildConfiguration;
			buildSettings = {
				ALWAYS_SEARCH_USER_PATHS = NO;
				CLANG_ANALYZER_NONNULL = YES;
				CLANG_ANALYZER_NUMBER_OBJECT_CONVERSION = YES_AGGRESSIVE;
				CLANG_CXX_LANGUAGE_STANDARD = "gnu++0x";
				CLANG_CXX_LIBRARY = "libc++";
				CLANG_ENABLE_MODULES = YES;
				CLANG_ENABLE_OBJC_ARC = YES;
				CLANG_WARN_BLOCK_CAPTURE_AUTORELEASING = YES;
				CLANG_WARN_BOOL_CONVERSION = YES;
				CLANG_WARN_COMMA = YES;
				CLANG_WARN_CONSTANT_CONVERSION = YES;
				CLANG_WARN_DIRECT_OBJC_ISA_USAGE = YES_ERROR;
				CLANG_WARN_DOCUMENTATION_COMMENTS = YES;
				CLANG_WARN_EMPTY_BODY = YES;
				CLANG_WARN_ENUM_CONVERSION = YES;
				CLANG_WARN_INFINITE_RECURSION = YES;
				CLANG_WARN_INT_CONVERSION = YES;
				CLANG_WARN_NON_LITERAL_NULL_CONVERSION = YES;
				CLANG_WARN_OBJC_LITERAL_CONVERSION = YES;
				CLANG_WARN_OBJC_ROOT_CLASS = YES_ERROR;
				CLANG_WARN_RANGE_LOOP_ANALYSIS = YES;
				CLANG_WARN_STRICT_PROTOTYPES = YES;
				CLANG_WARN_SUSPICIOUS_MOVE = YES;
				CLANG_WARN_UNREACHABLE_CODE = YES;
				CLANG_WARN__DUPLICATE_METHOD_MATCH = YES;
				CODE_SIGN_IDENTITY = "iPhone Developer: JIA-HSING Wu (XD26R6W2K7)";
				"CODE_SIGN_IDENTITY[sdk=iphoneos11.0]" = "iPhone Developer";
				COPY_PHASE_STRIP = NO;
				DEBUG_INFORMATION_FORMAT = "dwarf-with-dsym";
				ENABLE_NS_ASSERTIONS = NO;
				ENABLE_STRICT_OBJC_MSGSEND = YES;
				GCC_C_LANGUAGE_STANDARD = gnu99;
				GCC_NO_COMMON_BLOCKS = YES;
				GCC_WARN_64_TO_32_BIT_CONVERSION = YES;
				GCC_WARN_ABOUT_RETURN_TYPE = YES_ERROR;
				GCC_WARN_UNDECLARED_SELECTOR = YES;
				GCC_WARN_UNINITIALIZED_AUTOS = YES_AGGRESSIVE;
				GCC_WARN_UNUSED_FUNCTION = YES;
				GCC_WARN_UNUSED_VARIABLE = YES;
				IPHONEOS_DEPLOYMENT_TARGET = 11.0;
				MTL_ENABLE_DEBUG_INFO = NO;
				SDKROOT = iphoneos;
				SWIFT_OPTIMIZATION_LEVEL = "-Owholemodule";
				SWIFT_SWIFT3_OBJC_INFERENCE = Off;
				SWIFT_VERSION = 4.0;
				VALIDATE_PRODUCT = YES;
			};
			name = Release;
		};
		74EF008A1F5C23E800696930 /* Debug */ = {
			isa = XCBuildConfiguration;
			baseConfigurationReference = 5B64DD30E91ABCAEAE8073A8 /* Pods-Resume.debug.xcconfig */;
			buildSettings = {
				ASSETCATALOG_COMPILER_APPICON_NAME = AppIcon;
				CODE_SIGN_ENTITLEMENTS = Resume/Resume.entitlements;
				CODE_SIGN_IDENTITY = "iPhone Developer: JIA-HSING Wu (XD26R6W2K7)";
				"CODE_SIGN_IDENTITY[sdk=iphoneos*]" = "iPhone Developer";
				CODE_SIGN_STYLE = Automatic;
				DEVELOPMENT_TEAM = VHY3WV968G;
				INFOPLIST_FILE = Resume/Info.plist;
				LD_RUNPATH_SEARCH_PATHS = "$(inherited) @executable_path/Frameworks";
				PRODUCT_BUNDLE_IDENTIFIER = com.phx.zoo.Resume;
				PRODUCT_NAME = "$(TARGET_NAME)";
				PROVISIONING_PROFILE = "";
				PROVISIONING_PROFILE_SPECIFIER = "";
				SWIFT_SWIFT3_OBJC_INFERENCE = Off;
				SWIFT_VERSION = 4.0;
			};
			name = Debug;
		};
		74EF008B1F5C23E800696930 /* Release */ = {
			isa = XCBuildConfiguration;
			baseConfigurationReference = 74D212FA289C48A4B7F7CE2D /* Pods-Resume.release.xcconfig */;
			buildSettings = {
				ASSETCATALOG_COMPILER_APPICON_NAME = AppIcon;
				CODE_SIGN_ENTITLEMENTS = Resume/Resume.entitlements;
				"CODE_SIGN_IDENTITY[sdk=iphoneos*]" = "iPhone Developer";
				CODE_SIGN_STYLE = Automatic;
				DEVELOPMENT_TEAM = VHY3WV968G;
				INFOPLIST_FILE = Resume/Info.plist;
				LD_RUNPATH_SEARCH_PATHS = "$(inherited) @executable_path/Frameworks";
				PRODUCT_BUNDLE_IDENTIFIER = com.phx.zoo.Resume;
				PRODUCT_NAME = "$(TARGET_NAME)";
				PROVISIONING_PROFILE_SPECIFIER = "";
				SWIFT_SWIFT3_OBJC_INFERENCE = Off;
				SWIFT_VERSION = 4.0;
			};
			name = Release;
		};
		74EF008D1F5C23E800696930 /* Debug */ = {
			isa = XCBuildConfiguration;
			baseConfigurationReference = E47B6659A24A64401F7430E8 /* Pods-ResumeTests.debug.xcconfig */;
			buildSettings = {
				ALWAYS_EMBED_SWIFT_STANDARD_LIBRARIES = YES;
				BUNDLE_LOADER = "$(TEST_HOST)";
				DEVELOPMENT_TEAM = VHY3WV968G;
				INFOPLIST_FILE = ResumeTests/Info.plist;
				LD_RUNPATH_SEARCH_PATHS = "$(inherited) @executable_path/Frameworks @loader_path/Frameworks";
				PRODUCT_BUNDLE_IDENTIFIER = com.phx.zoo.ResumeTests;
				PRODUCT_NAME = "$(TARGET_NAME)";
				SWIFT_SWIFT3_OBJC_INFERENCE = Off;
				SWIFT_VERSION = 4.0;
				TEST_HOST = "$(BUILT_PRODUCTS_DIR)/Resume.app/Resume";
			};
			name = Debug;
		};
		74EF008E1F5C23E800696930 /* Release */ = {
			isa = XCBuildConfiguration;
			baseConfigurationReference = DC97858678F1B8DFE7FC93CF /* Pods-ResumeTests.release.xcconfig */;
			buildSettings = {
				ALWAYS_EMBED_SWIFT_STANDARD_LIBRARIES = YES;
				BUNDLE_LOADER = "$(TEST_HOST)";
				DEVELOPMENT_TEAM = VHY3WV968G;
				INFOPLIST_FILE = ResumeTests/Info.plist;
				LD_RUNPATH_SEARCH_PATHS = "$(inherited) @executable_path/Frameworks @loader_path/Frameworks";
				PRODUCT_BUNDLE_IDENTIFIER = com.phx.zoo.ResumeTests;
				PRODUCT_NAME = "$(TARGET_NAME)";
				SWIFT_SWIFT3_OBJC_INFERENCE = Off;
				SWIFT_VERSION = 4.0;
				TEST_HOST = "$(BUILT_PRODUCTS_DIR)/Resume.app/Resume";
			};
			name = Release;
		};
		74EF00901F5C23E800696930 /* Debug */ = {
			isa = XCBuildConfiguration;
			baseConfigurationReference = 9AB5EBC78A3F575A9335D291 /* Pods-ResumeUITests.debug.xcconfig */;
			buildSettings = {
				ALWAYS_EMBED_SWIFT_STANDARD_LIBRARIES = YES;
				DEVELOPMENT_TEAM = VHY3WV968G;
				INFOPLIST_FILE = ResumeUITests/Info.plist;
				LD_RUNPATH_SEARCH_PATHS = "$(inherited) @executable_path/Frameworks @loader_path/Frameworks";
				PRODUCT_BUNDLE_IDENTIFIER = com.phx.zoo.ResumeUITests;
				PRODUCT_NAME = "$(TARGET_NAME)";
				SWIFT_SWIFT3_OBJC_INFERENCE = Off;
				SWIFT_VERSION = 4.0;
				TEST_TARGET_NAME = Resume;
			};
			name = Debug;
		};
		74EF00911F5C23E800696930 /* Release */ = {
			isa = XCBuildConfiguration;
			baseConfigurationReference = 57D009F105888EFB83D59D03 /* Pods-ResumeUITests.release.xcconfig */;
			buildSettings = {
				ALWAYS_EMBED_SWIFT_STANDARD_LIBRARIES = YES;
				DEVELOPMENT_TEAM = VHY3WV968G;
				INFOPLIST_FILE = ResumeUITests/Info.plist;
				LD_RUNPATH_SEARCH_PATHS = "$(inherited) @executable_path/Frameworks @loader_path/Frameworks";
				PRODUCT_BUNDLE_IDENTIFIER = com.phx.zoo.ResumeUITests;
				PRODUCT_NAME = "$(TARGET_NAME)";
				SWIFT_SWIFT3_OBJC_INFERENCE = Off;
				SWIFT_VERSION = 4.0;
				TEST_TARGET_NAME = Resume;
			};
			name = Release;
		};
/* End XCBuildConfiguration section */

/* Begin XCConfigurationList section */
		74EF005A1F5C23E700696930 /* Build configuration list for PBXProject "Resume" */ = {
			isa = XCConfigurationList;
			buildConfigurations = (
				74EF00871F5C23E800696930 /* Debug */,
				74EF00881F5C23E800696930 /* Release */,
			);
			defaultConfigurationIsVisible = 0;
			defaultConfigurationName = Release;
		};
		74EF00891F5C23E800696930 /* Build configuration list for PBXNativeTarget "Resume" */ = {
			isa = XCConfigurationList;
			buildConfigurations = (
				74EF008A1F5C23E800696930 /* Debug */,
				74EF008B1F5C23E800696930 /* Release */,
			);
			defaultConfigurationIsVisible = 0;
			defaultConfigurationName = Release;
		};
		74EF008C1F5C23E800696930 /* Build configuration list for PBXNativeTarget "ResumeTests" */ = {
			isa = XCConfigurationList;
			buildConfigurations = (
				74EF008D1F5C23E800696930 /* Debug */,
				74EF008E1F5C23E800696930 /* Release */,
			);
			defaultConfigurationIsVisible = 0;
			defaultConfigurationName = Release;
		};
		74EF008F1F5C23E800696930 /* Build configuration list for PBXNativeTarget "ResumeUITests" */ = {
			isa = XCConfigurationList;
			buildConfigurations = (
				74EF00901F5C23E800696930 /* Debug */,
				74EF00911F5C23E800696930 /* Release */,
			);
			defaultConfigurationIsVisible = 0;
			defaultConfigurationName = Release;
		};
/* End XCConfigurationList section */

/* Begin XCVersionGroup section */
		74E2D25B1FBD86B300671F35 /* ResumeModel.xcdatamodeld */ = {
			isa = XCVersionGroup;
			children = (
				74E2D25C1FBD86B300671F35 /* ResumeModel.xcdatamodel */,
			);
			currentVersion = 74E2D25C1FBD86B300671F35 /* ResumeModel.xcdatamodel */;
			path = ResumeModel.xcdatamodeld;
			sourceTree = "<group>";
			versionGroupType = wrapper.xcdatamodel;
		};
/* End XCVersionGroup section */
	};
	rootObject = 74EF00571F5C23E700696930 /* Project object */;
}
